
Microsoft Visual Studio Solution File, Format Version 12.00
# Visual Studio Version 17
VisualStudioVersion = 17.10.35027.167
MinimumVisualStudioVersion = 10.0.40219.1
Project("{FAE04EC0-301F-11D3-BF4B-00C04F79EFBC}") = "ClothShop.Web", "ClothShop.Web\ClothShop.Web.csproj", "{EB672A3E-4179-4D9E-B772-02D3F1B58441}"
EndProject
Project("{FAE04EC0-301F-11D3-BF4B-00C04F79EFBC}") = "ClothShop.DataLayer", "ClothShop.DataLayer\ClothShop.DataLayer.csproj", "{51AC1266-9F20-4398-A76E-B6DDC9F15C43}"
EndProject
Project("{FAE04EC0-301F-11D3-BF4B-00C04F79EFBC}") = "ClothShop.Core", "ClothShop.Core\ClothShop.Core.csproj", "{8EB4CCBB-ADBA-4B2E-A780-A1FF6D65E8CE}"
EndProject
Global
	GlobalSection(SolutionConfigurationPlatforms) = preSolution
		Debug|Any CPU = Debug|Any CPU
		Release|Any CPU = Release|Any CPU
	EndGlobalSection
	GlobalSection(ProjectConfigurationPlatforms) = postSolution
		{EB672A3E-4179-4D9E-B772-02D3F1B58441}.Debug|Any CPU.ActiveCfg = Debug|Any CPU
		{EB672A3E-4179-4D9E-B772-02D3F1B58441}.Debug|Any CPU.Build.0 = Debug|Any CPU
		{EB672A3E-4179-4D9E-B772-02D3F1B58441}.Release|Any CPU.ActiveCfg = Release|Any CPU
		{EB672A3E-4179-4D9E-B772-02D3F1B58441}.Release|Any CPU.Build.0 = Release|Any CPU
		{51AC1266-9F20-4398-A76E-B6DDC9F15C43}.Debug|Any CPU.ActiveCfg = Debug|Any CPU
		{51AC1266-9F20-4398-A76E-B6DDC9F15C43}.Debug|Any CPU.Build.0 = Debug|Any CPU
		{51AC1266-9F20-4398-A76E-B6DDC9F15C43}.Release|Any CPU.ActiveCfg = Release|Any CPU
		{51AC1266-9F20-4398-A76E-B6DDC9F15C43}.Release|Any CPU.Build.0 = Release|Any CPU
		{8EB4CCBB-ADBA-4B2E-A780-A1FF6D65E8CE}.Debug|Any CPU.ActiveCfg = Debug|Any CPU
		{8EB4CCBB-ADBA-4B2E-A780-A1FF6D65E8CE}.Debug|Any CPU.Build.0 = Debug|Any CPU
		{8EB4CCBB-ADBA-4B2E-A780-A1FF6D65E8CE}.Release|Any CPU.ActiveCfg = Release|Any CPU
		{8EB4CCBB-ADBA-4B2E-A780-A1FF6D65E8CE}.Release|Any CPU.Build.0 = Release|Any CPU
	EndGlobalSection
	GlobalSection(SolutionProperties) = preSolution
		HideSolutionNode = FALSE
	EndGlobalSection
	GlobalSection(ExtensibilityGlobals) = postSolution
		SolutionGuid = {C5C335FC-2FB7-4A5A-8CC9-31999885A18B}
	EndGlobalSection
EndGlobal
